{
  "name": "designpatterns",
  "version": "1.0.0",
  "lockfileVersion": 2,
  "requires": true,
  "packages": {
    "": {
      "name": "designpatterns",
      "version": "1.0.0",
      "license": "ISC",
      "devDependencies": {
        "ts-node": "^10.9.1",
        "typescript": "^5.0.2"
      }
    },
    "node_modules/@cspotcode/source-map-support": {
      "version": "0.8.1",
      "resolved": "https://10.173.255.160:443/artifactory/api/npm/brs-npm-repos/@cspotcode/source-map-support/-/source-map-support-0.8.1.tgz?dl=https://registry.npmjs.org/@cspotcode/source-map-support/-/source-map-support-0.8.1.tgz",
      "integrity": "sha1-AGKcNaaI4FqIsc2mhPudXnPwAKE=",
      "dev": true,
      "license": "MIT",
      "dependencies": {
        "@jridgewell/trace-mapping": "0.3.9"
      },
      "engines": {
        "node": ">=12"
      }
    },
    "node_modules/@jridgewell/resolve-uri": {
      "version": "3.1.0",
      "resolved": "https://10.173.255.160:443/artifactory/api/npm/brs-npm-repos/@jridgewell/resolve-uri/-/resolve-uri-3.1.0.tgz?dl=https://registry.npmjs.org/@jridgewell/resolve-uri/-/resolve-uri-3.1.0.tgz",
      "integrity": "sha1-IgOxGMFXchrd/mnUe3BGVGMGbXg=",
      "dev": true,
      "license": "MIT",
      "engines": {
        "node": ">=6.0.0"
      }
    },
    "node_modules/@jridgewell/sourcemap-codec": {
      "version": "1.4.14",
      "resolved": "https://10.173.255.160:443/artifactory/api/npm/brs-npm-repos/@jridgewell/sourcemap-codec/-/sourcemap-codec-1.4.14.tgz?dl=https://registry.npmjs.org/@jridgewell/sourcemap-codec/-/sourcemap-codec-1.4.14.tgz",
      "integrity": "sha1-rdTJjTQUcqKJGQtCTvvbCWmRuyQ=",
      "dev": true,
      "license": "MIT"
    },
    "node_modules/@jridgewell/trace-mapping": {
      "version": "0.3.9",
      "resolved": "https://10.173.255.160:443/artifactory/api/npm/brs-npm-repos/@jridgewell/trace-mapping/-/trace-mapping-0.3.9.tgz?dl=https://registry.npmjs.org/@jridgewell/trace-mapping/-/trace-mapping-0.3.9.tgz",
      "integrity": "sha1-ZTT9WTOlO6fL86F2FeJzoNEnP/k=",
      "dev": true,
      "license": "MIT",
      "dependencies": {
        "@jridgewell/resolve-uri": "^3.0.3",
        "@jridgewell/sourcemap-codec": "^1.4.10"
      }
    },
    "node_modules/@tsconfig/node10": {
      "version": "1.0.9",
      "resolved": "https://10.173.255.160:443/artifactory/api/npm/brs-npm-repos/@tsconfig/node10/-/node10-1.0.9.tgz?dl=https://registry.npmjs.org/@tsconfig/node10/-/node10-1.0.9.tgz",
      "integrity": "sha1-30kH/AeohpImN7FeAtTOvEwAIbI=",
      "dev": true,
      "license": "MIT"
    },
    "node_modules/@tsconfig/node12": {
      "version": "1.0.11",
      "resolved": "https://10.173.255.160:443/artifactory/api/npm/brs-npm-repos/@tsconfig/node12/-/node12-1.0.11.tgz?dl=https://registry.npmjs.org/@tsconfig/node12/-/node12-1.0.11.tgz",
      "integrity": "sha1-7j3vHyfZ7WbaxuRqKVz/sBUuBY0=",
      "dev": true,
      "license": "MIT"
    },
    "node_modules/@tsconfig/node14": {
      "version": "1.0.3",
      "resolved": "https://10.173.255.160:443/artifactory/api/npm/brs-npm-repos/@tsconfig/node14/-/node14-1.0.3.tgz?dl=https://registry.npmjs.org/@tsconfig/node14/-/node14-1.0.3.tgz",
      "integrity": "sha1-5DhjFihPALmENb9A9y91oJ2r9sE=",
      "dev": true,
      "license": "MIT"
    },
    "node_modules/@tsconfig/node16": {
      "version": "1.0.3",
      "resolved": "https://10.173.255.160:443/artifactory/api/npm/brs-npm-repos/@tsconfig/node16/-/node16-1.0.3.tgz?dl=https://registry.npmjs.org/@tsconfig/node16/-/node16-1.0.3.tgz",
      "integrity": "sha1-Ry6qtfFcH/3X+GKL1MT3U5lex54=",
      "dev": true,
      "license": "MIT"
    },
    "node_modules/@types/node": {
      "version": "18.15.3",
      "resolved": "https://10.173.255.160:443/artifactory/api/npm/brs-npm-repos/@types/node/-/node-18.15.3.tgz?dl=https://registry.npmjs.org/@types/node/-/node-18.15.3.tgz",
      "integrity": "sha1-8LmRwyz8ak5/M5nWy0uM+aAxUBQ=",
      "dev": true,
      "license": "MIT",
      "peer": true
    },
    "node_modules/acorn": {
      "version": "8.8.2",
      "resolved": "https://10.173.255.160:443/artifactory/api/npm/brs-npm-repos/acorn/-/acorn-8.8.2.tgz?dl=https://registry.npmjs.org/acorn/-/acorn-8.8.2.tgz",
      "integrity": "sha1-Gy8l2wKvllOZuXdrDCw5EnbTfEo=",
      "dev": true,
      "license": "MIT",
      "bin": {
        "acorn": "bin/acorn"
      },
      "engines": {
        "node": ">=0.4.0"
      }
    },
    "node_modules/acorn-walk": {
      "version": "8.2.0",
      "resolved": "https://10.173.255.160:443/artifactory/api/npm/brs-npm-repos/acorn-walk/-/acorn-walk-8.2.0.tgz?dl=https://registry.npmjs.org/acorn-walk/-/acorn-walk-8.2.0.tgz",
      "integrity": "sha1-dBIQ8uJCZFRQiFOi9E0KuDt/acE=",
      "dev": true,
      "license": "MIT",
      "engines": {
        "node": ">=0.4.0"
      }
    },
    "node_modules/arg": {
      "version": "4.1.3",
      "resolved": "https://10.173.255.160:443/artifactory/api/npm/brs-npm-repos/arg/-/arg-4.1.3.tgz?dl=https://registry.npmjs.org/arg/-/arg-4.1.3.tgz",
      "integrity": "sha1-Jp/HrVuOQstjyJbVZmAXJhwUQIk=",
      "dev": true,
      "license": "MIT"
    },
    "node_modules/create-require": {
      "version": "1.1.1",
      "resolved": "https://10.173.255.160:443/artifactory/api/npm/brs-npm-repos/create-require/-/create-require-1.1.1.tgz?dl=https://registry.npmjs.org/create-require/-/create-require-1.1.1.tgz",
      "integrity": "sha1-wdfo8eX2z8n/ZfnNNS03NIdWwzM=",
      "dev": true,
      "license": "MIT"
    },
    "node_modules/diff": {
      "version": "4.0.2",
      "resolved": "https://10.173.255.160:443/artifactory/api/npm/brs-npm-repos/diff/-/diff-4.0.2.tgz?dl=https://registry.npmjs.org/diff/-/diff-4.0.2.tgz",
      "integrity": "sha1-YPOuy4nV+uUgwRqhnvwruYKq3n0=",
      "dev": true,
      "license": "BSD-3-Clause",
      "engines": {
        "node": ">=0.3.1"
      }
    },
    "node_modules/make-error": {
      "version": "1.3.6",
      "resolved": "https://10.173.255.160:443/artifactory/api/npm/brs-npm-repos/make-error/-/make-error-1.3.6.tgz?dl=https://registry.npmjs.org/make-error/-/make-error-1.3.6.tgz",
      "integrity": "sha1-LrLjfqm2fEiR9oShOUeZr0hM96I=",
      "dev": true,
      "license": "ISC"
    },
    "node_modules/ts-node": {
      "version": "10.9.1",
      "resolved": "https://10.173.255.160:443/artifactory/api/npm/brs-npm-repos/ts-node/-/ts-node-10.9.1.tgz?dl=https://registry.npmjs.org/ts-node/-/ts-node-10.9.1.tgz",
      "integrity": "sha1-5z3pEClYr54fCxaKb/Mg4lrc/0s=",
      "dev": true,
      "license": "MIT",
      "dependencies": {
        "@cspotcode/source-map-support": "^0.8.0",
        "@tsconfig/node10": "^1.0.7",
        "@tsconfig/node12": "^1.0.7",
        "@tsconfig/node14": "^1.0.0",
        "@tsconfig/node16": "^1.0.2",
        "acorn": "^8.4.1",
        "acorn-walk": "^8.1.1",
        "arg": "^4.1.0",
        "create-require": "^1.1.0",
        "diff": "^4.0.1",
        "make-error": "^1.1.1",
        "v8-compile-cache-lib": "^3.0.1",
        "yn": "3.1.1"
      },
      "bin": {
        "ts-node": "dist/bin.js",
        "ts-node-cwd": "dist/bin-cwd.js",
        "ts-node-esm": "dist/bin-esm.js",
        "ts-node-script": "dist/bin-script.js",
        "ts-node-transpile-only": "dist/bin-transpile.js",
        "ts-script": "dist/bin-script-deprecated.js"
      },
      "peerDependencies": {
        "@swc/core": ">=1.2.50",
        "@swc/wasm": ">=1.2.50",
        "@types/node": "*",
        "typescript": ">=2.7"
      },
      "peerDependenciesMeta": {
        "@swc/core": {
          "optional": true
        },
        "@swc/wasm": {
          "optional": true
        }
      }
    },
    "node_modules/typescript": {
      "version": "5.0.2",
      "resolved": "https://10.173.255.160:443/artifactory/api/npm/brs-npm-repos/typescript/-/typescript-5.0.2.tgz?dl=https://registry.npmjs.org/typescript/-/typescript-5.0.2.tgz",
      "integrity": "sha1-iR4akMUYnYUGr2S575Kfypm6HuU=",
      "dev": true,
      "license": "Apache-2.0",
      "bin": {
        "tsc": "bin/tsc",
        "tsserver": "bin/tsserver"
      },
      "engines": {
        "node": ">=12.20"
      }
    },
    "node_modules/v8-compile-cache-lib": {
      "version": "3.0.1",
      "resolved": "https://10.173.255.160:443/artifactory/api/npm/brs-npm-repos/v8-compile-cache-lib/-/v8-compile-cache-lib-3.0.1.tgz?dl=https://registry.npmjs.org/v8-compile-cache-lib/-/v8-compile-cache-lib-3.0.1.tgz",
      "integrity": "sha1-Yzbo1xllyz01obu3hoRFp8BSZL8=",
      "dev": true,
      "license": "MIT"
    },
    "node_modules/yn": {
      "version": "3.1.1",
      "resolved": "https://10.173.255.160:443/artifactory/api/npm/brs-npm-repos/yn/-/yn-3.1.1.tgz?dl=https://registry.npmjs.org/yn/-/yn-3.1.1.tgz",
      "integrity": "sha1-HodAGgnXZ8HV6rJqbkwYUYLS61A=",
      "dev": true,
      "license": "MIT",
      "engines": {
        "node": ">=6"
      }
    }
  },
  "dependencies": {
    "@cspotcode/source-map-support": {
      "version": "0.8.1",
      "resolved": "https://10.173.255.160:443/artifactory/api/npm/brs-npm-repos/@cspotcode/source-map-support/-/source-map-support-0.8.1.tgz?dl=https://registry.npmjs.org/@cspotcode/source-map-support/-/source-map-support-0.8.1.tgz",
      "integrity": "sha1-AGKcNaaI4FqIsc2mhPudXnPwAKE=",
      "dev": true,
      "requires": {
        "@jridgewell/trace-mapping": "0.3.9"
      }
    },
    "@jridgewell/resolve-uri": {
      "version": "3.1.0",
      "resolved": "https://10.173.255.160:443/artifactory/api/npm/brs-npm-repos/@jridgewell/resolve-uri/-/resolve-uri-3.1.0.tgz?dl=https://registry.npmjs.org/@jridgewell/resolve-uri/-/resolve-uri-3.1.0.tgz",
      "integrity": "sha1-IgOxGMFXchrd/mnUe3BGVGMGbXg=",
      "dev": true
    },
    "@jridgewell/sourcemap-codec": {
      "version": "1.4.14",
      "resolved": "https://10.173.255.160:443/artifactory/api/npm/brs-npm-repos/@jridgewell/sourcemap-codec/-/sourcemap-codec-1.4.14.tgz?dl=https://registry.npmjs.org/@jridgewell/sourcemap-codec/-/sourcemap-codec-1.4.14.tgz",
      "integrity": "sha1-rdTJjTQUcqKJGQtCTvvbCWmRuyQ=",
      "dev": true
    },
    "@jridgewell/trace-mapping": {
      "version": "0.3.9",
      "resolved": "https://10.173.255.160:443/artifactory/api/npm/brs-npm-repos/@jridgewell/trace-mapping/-/trace-mapping-0.3.9.tgz?dl=https://registry.npmjs.org/@jridgewell/trace-mapping/-/trace-mapping-0.3.9.tgz",
      "integrity": "sha1-ZTT9WTOlO6fL86F2FeJzoNEnP/k=",
      "dev": true,
      "requires": {
        "@jridgewell/resolve-uri": "^3.0.3",
        "@jridgewell/sourcemap-codec": "^1.4.10"
      }
    },
    "@tsconfig/node10": {
      "version": "1.0.9",
      "resolved": "https://10.173.255.160:443/artifactory/api/npm/brs-npm-repos/@tsconfig/node10/-/node10-1.0.9.tgz?dl=https://registry.npmjs.org/@tsconfig/node10/-/node10-1.0.9.tgz",
      "integrity": "sha1-30kH/AeohpImN7FeAtTOvEwAIbI=",
      "dev": true
    },
    "@tsconfig/node12": {
      "version": "1.0.11",
      "resolved": "https://10.173.255.160:443/artifactory/api/npm/brs-npm-repos/@tsconfig/node12/-/node12-1.0.11.tgz?dl=https://registry.npmjs.org/@tsconfig/node12/-/node12-1.0.11.tgz",
      "integrity": "sha1-7j3vHyfZ7WbaxuRqKVz/sBUuBY0=",
      "dev": true
    },
    "@tsconfig/node14": {
      "version": "1.0.3",
      "resolved": "https://10.173.255.160:443/artifactory/api/npm/brs-npm-repos/@tsconfig/node14/-/node14-1.0.3.tgz?dl=https://registry.npmjs.org/@tsconfig/node14/-/node14-1.0.3.tgz",
      "integrity": "sha1-5DhjFihPALmENb9A9y91oJ2r9sE=",
      "dev": true
    },
    "@tsconfig/node16": {
      "version": "1.0.3",
      "resolved": "https://10.173.255.160:443/artifactory/api/npm/brs-npm-repos/@tsconfig/node16/-/node16-1.0.3.tgz?dl=https://registry.npmjs.org/@tsconfig/node16/-/node16-1.0.3.tgz",
      "integrity": "sha1-Ry6qtfFcH/3X+GKL1MT3U5lex54=",
      "dev": true
    },
    "@types/node": {
      "version": "18.15.3",
      "resolved": "https://10.173.255.160:443/artifactory/api/npm/brs-npm-repos/@types/node/-/node-18.15.3.tgz?dl=https://registry.npmjs.org/@types/node/-/node-18.15.3.tgz",
      "integrity": "sha1-8LmRwyz8ak5/M5nWy0uM+aAxUBQ=",
      "dev": true,
      "peer": true
    },
    "acorn": {
      "version": "8.8.2",
      "resolved": "https://10.173.255.160:443/artifactory/api/npm/brs-npm-repos/acorn/-/acorn-8.8.2.tgz?dl=https://registry.npmjs.org/acorn/-/acorn-8.8.2.tgz",
      "integrity": "sha1-Gy8l2wKvllOZuXdrDCw5EnbTfEo=",
      "dev": true
    },
    "acorn-walk": {
      "version": "8.2.0",
      "resolved": "https://10.173.255.160:443/artifactory/api/npm/brs-npm-repos/acorn-walk/-/acorn-walk-8.2.0.tgz?dl=https://registry.npmjs.org/acorn-walk/-/acorn-walk-8.2.0.tgz",
      "integrity": "sha1-dBIQ8uJCZFRQiFOi9E0KuDt/acE=",
      "dev": true
    },
    "arg": {
      "version": "4.1.3",
      "resolved": "https://10.173.255.160:443/artifactory/api/npm/brs-npm-repos/arg/-/arg-4.1.3.tgz?dl=https://registry.npmjs.org/arg/-/arg-4.1.3.tgz",
      "integrity": "sha1-Jp/HrVuOQstjyJbVZmAXJhwUQIk=",
      "dev": true
    },
    "create-require": {
      "version": "1.1.1",
      "resolved": "https://10.173.255.160:443/artifactory/api/npm/brs-npm-repos/create-require/-/create-require-1.1.1.tgz?dl=https://registry.npmjs.org/create-require/-/create-require-1.1.1.tgz",
      "integrity": "sha1-wdfo8eX2z8n/ZfnNNS03NIdWwzM=",
      "dev": true
    },
    "diff": {
      "version": "4.0.2",
      "resolved": "https://10.173.255.160:443/artifactory/api/npm/brs-npm-repos/diff/-/diff-4.0.2.tgz?dl=https://registry.npmjs.org/diff/-/diff-4.0.2.tgz",
      "integrity": "sha1-YPOuy4nV+uUgwRqhnvwruYKq3n0=",
      "dev": true
    },
    "make-error": {
      "version": "1.3.6",
      "resolved": "https://10.173.255.160:443/artifactory/api/npm/brs-npm-repos/make-error/-/make-error-1.3.6.tgz?dl=https://registry.npmjs.org/make-error/-/make-error-1.3.6.tgz",
      "integrity": "sha1-LrLjfqm2fEiR9oShOUeZr0hM96I=",
      "dev": true
    },
    "ts-node": {
      "version": "10.9.1",
      "resolved": "https://10.173.255.160:443/artifactory/api/npm/brs-npm-repos/ts-node/-/ts-node-10.9.1.tgz?dl=https://registry.npmjs.org/ts-node/-/ts-node-10.9.1.tgz",
      "integrity": "sha1-5z3pEClYr54fCxaKb/Mg4lrc/0s=",
      "dev": true,
      "requires": {
        "@cspotcode/source-map-support": "^0.8.0",
        "@tsconfig/node10": "^1.0.7",
        "@tsconfig/node12": "^1.0.7",
        "@tsconfig/node14": "^1.0.0",
        "@tsconfig/node16": "^1.0.2",
        "acorn": "^8.4.1",
        "acorn-walk": "^8.1.1",
        "arg": "^4.1.0",
        "create-require": "^1.1.0",
        "diff": "^4.0.1",
        "make-error": "^1.1.1",
        "v8-compile-cache-lib": "^3.0.1",
        "yn": "3.1.1"
      }
    },
    "typescript": {
      "version": "5.0.2",
      "resolved": "https://10.173.255.160:443/artifactory/api/npm/brs-npm-repos/typescript/-/typescript-5.0.2.tgz?dl=https://registry.npmjs.org/typescript/-/typescript-5.0.2.tgz",
      "integrity": "sha1-iR4akMUYnYUGr2S575Kfypm6HuU=",
      "dev": true
    },
    "v8-compile-cache-lib": {
      "version": "3.0.1",
      "resolved": "https://10.173.255.160:443/artifactory/api/npm/brs-npm-repos/v8-compile-cache-lib/-/v8-compile-cache-lib-3.0.1.tgz?dl=https://registry.npmjs.org/v8-compile-cache-lib/-/v8-compile-cache-lib-3.0.1.tgz",
      "integrity": "sha1-Yzbo1xllyz01obu3hoRFp8BSZL8=",
      "dev": true
    },
    "yn": {
      "version": "3.1.1",
      "resolved": "https://10.173.255.160:443/artifactory/api/npm/brs-npm-repos/yn/-/yn-3.1.1.tgz?dl=https://registry.npmjs.org/yn/-/yn-3.1.1.tgz",
      "integrity": "sha1-HodAGgnXZ8HV6rJqbkwYUYLS61A=",
      "dev": true
    }
  }
}
